
Microsoft Visual Studio Solution File, Format Version 12.00
# Visual Studio Version 16
VisualStudioVersion = 16.0.31729.503
MinimumVisualStudioVersion = 10.0.40219.1
Project("{9A19103F-16F7-4668-BE54-9A1E7A4F7556}") = "MyList.Domain", "MyList.Domain\MyList.Domain.csproj", "{18D15A84-D0D5-4B69-ABE6-925C1EDE7E0A}"
EndProject
Project("{9A19103F-16F7-4668-BE54-9A1E7A4F7556}") = "MyList.Infrastructure", "MyList.Infrastructure\MyList.Infrastructure.csproj", "{5E20A49C-5738-4C6B-BA87-5DB8636B9DF9}"
EndProject
Project("{9A19103F-16F7-4668-BE54-9A1E7A4F7556}") = "MyListConsole", "MyListConsole\MyListConsole.csproj", "{0019BE75-E755-4772-BCD8-3299CA319C04}"
EndProject
Project("{FAE04EC0-301F-11D3-BF4B-00C04F79EFBC}") = "MyList.UWP", "MyList.UWP\MyList.UWP.csproj", "{7B187779-0480-48A1-86FA-483B0C47243B}"
EndProject
Global
	GlobalSection(SolutionConfigurationPlatforms) = preSolution
		Debug|Any CPU = Debug|Any CPU
		Debug|ARM = Debug|ARM
		Debug|ARM64 = Debug|ARM64
		Debug|x64 = Debug|x64
		Debug|x86 = Debug|x86
		Release|Any CPU = Release|Any CPU
		Release|ARM = Release|ARM
		Release|ARM64 = Release|ARM64
		Release|x64 = Release|x64
		Release|x86 = Release|x86
	EndGlobalSection
	GlobalSection(ProjectConfigurationPlatforms) = postSolution
		{18D15A84-D0D5-4B69-ABE6-925C1EDE7E0A}.Debug|Any CPU.ActiveCfg = Debug|Any CPU
		{18D15A84-D0D5-4B69-ABE6-925C1EDE7E0A}.Debug|Any CPU.Build.0 = Debug|Any CPU
		{18D15A84-D0D5-4B69-ABE6-925C1EDE7E0A}.Debug|ARM.ActiveCfg = Debug|Any CPU
		{18D15A84-D0D5-4B69-ABE6-925C1EDE7E0A}.Debug|ARM.Build.0 = Debug|Any CPU
		{18D15A84-D0D5-4B69-ABE6-925C1EDE7E0A}.Debug|ARM64.ActiveCfg = Debug|Any CPU
		{18D15A84-D0D5-4B69-ABE6-925C1EDE7E0A}.Debug|ARM64.Build.0 = Debug|Any CPU
		{18D15A84-D0D5-4B69-ABE6-925C1EDE7E0A}.Debug|x64.ActiveCfg = Debug|Any CPU
		{18D15A84-D0D5-4B69-ABE6-925C1EDE7E0A}.Debug|x64.Build.0 = Debug|Any CPU
		{18D15A84-D0D5-4B69-ABE6-925C1EDE7E0A}.Debug|x86.ActiveCfg = Debug|Any CPU
		{18D15A84-D0D5-4B69-ABE6-925C1EDE7E0A}.Debug|x86.Build.0 = Debug|Any CPU
		{18D15A84-D0D5-4B69-ABE6-925C1EDE7E0A}.Release|Any CPU.ActiveCfg = Release|Any CPU
		{18D15A84-D0D5-4B69-ABE6-925C1EDE7E0A}.Release|Any CPU.Build.0 = Release|Any CPU
		{18D15A84-D0D5-4B69-ABE6-925C1EDE7E0A}.Release|ARM.ActiveCfg = Release|Any CPU
		{18D15A84-D0D5-4B69-ABE6-925C1EDE7E0A}.Release|ARM.Build.0 = Release|Any CPU
		{18D15A84-D0D5-4B69-ABE6-925C1EDE7E0A}.Release|ARM64.ActiveCfg = Release|Any CPU
		{18D15A84-D0D5-4B69-ABE6-925C1EDE7E0A}.Release|ARM64.Build.0 = Release|Any CPU
		{18D15A84-D0D5-4B69-ABE6-925C1EDE7E0A}.Release|x64.ActiveCfg = Release|Any CPU
		{18D15A84-D0D5-4B69-ABE6-925C1EDE7E0A}.Release|x64.Build.0 = Release|Any CPU
		{18D15A84-D0D5-4B69-ABE6-925C1EDE7E0A}.Release|x86.ActiveCfg = Release|Any CPU
		{18D15A84-D0D5-4B69-ABE6-925C1EDE7E0A}.Release|x86.Build.0 = Release|Any CPU
		{5E20A49C-5738-4C6B-BA87-5DB8636B9DF9}.Debug|Any CPU.ActiveCfg = Debug|Any CPU
		{5E20A49C-5738-4C6B-BA87-5DB8636B9DF9}.Debug|Any CPU.Build.0 = Debug|Any CPU
		{5E20A49C-5738-4C6B-BA87-5DB8636B9DF9}.Debug|ARM.ActiveCfg = Debug|Any CPU
		{5E20A49C-5738-4C6B-BA87-5DB8636B9DF9}.Debug|ARM.Build.0 = Debug|Any CPU
		{5E20A49C-5738-4C6B-BA87-5DB8636B9DF9}.Debug|ARM64.ActiveCfg = Debug|Any CPU
		{5E20A49C-5738-4C6B-BA87-5DB8636B9DF9}.Debug|ARM64.Build.0 = Debug|Any CPU
		{5E20A49C-5738-4C6B-BA87-5DB8636B9DF9}.Debug|x64.ActiveCfg = Debug|Any CPU
		{5E20A49C-5738-4C6B-BA87-5DB8636B9DF9}.Debug|x64.Build.0 = Debug|Any CPU
		{5E20A49C-5738-4C6B-BA87-5DB8636B9DF9}.Debug|x86.ActiveCfg = Debug|Any CPU
		{5E20A49C-5738-4C6B-BA87-5DB8636B9DF9}.Debug|x86.Build.0 = Debug|Any CPU
		{5E20A49C-5738-4C6B-BA87-5DB8636B9DF9}.Release|Any CPU.ActiveCfg = Release|Any CPU
		{5E20A49C-5738-4C6B-BA87-5DB8636B9DF9}.Release|Any CPU.Build.0 = Release|Any CPU
		{5E20A49C-5738-4C6B-BA87-5DB8636B9DF9}.Release|ARM.ActiveCfg = Release|Any CPU
		{5E20A49C-5738-4C6B-BA87-5DB8636B9DF9}.Release|ARM.Build.0 = Release|Any CPU
		{5E20A49C-5738-4C6B-BA87-5DB8636B9DF9}.Release|ARM64.ActiveCfg = Release|Any CPU
		{5E20A49C-5738-4C6B-BA87-5DB8636B9DF9}.Release|ARM64.Build.0 = Release|Any CPU
		{5E20A49C-5738-4C6B-BA87-5DB8636B9DF9}.Release|x64.ActiveCfg = Release|Any CPU
		{5E20A49C-5738-4C6B-BA87-5DB8636B9DF9}.Release|x64.Build.0 = Release|Any CPU
		{5E20A49C-5738-4C6B-BA87-5DB8636B9DF9}.Release|x86.ActiveCfg = Release|Any CPU
		{5E20A49C-5738-4C6B-BA87-5DB8636B9DF9}.Release|x86.Build.0 = Release|Any CPU
		{0019BE75-E755-4772-BCD8-3299CA319C04}.Debug|Any CPU.ActiveCfg = Debug|Any CPU
		{0019BE75-E755-4772-BCD8-3299CA319C04}.Debug|Any CPU.Build.0 = Debug|Any CPU
		{0019BE75-E755-4772-BCD8-3299CA319C04}.Debug|ARM.ActiveCfg = Debug|Any CPU
		{0019BE75-E755-4772-BCD8-3299CA319C04}.Debug|ARM.Build.0 = Debug|Any CPU
		{0019BE75-E755-4772-BCD8-3299CA319C04}.Debug|ARM64.ActiveCfg = Debug|Any CPU
		{0019BE75-E755-4772-BCD8-3299CA319C04}.Debug|ARM64.Build.0 = Debug|Any CPU
		{0019BE75-E755-4772-BCD8-3299CA319C04}.Debug|x64.ActiveCfg = Debug|Any CPU
		{0019BE75-E755-4772-BCD8-3299CA319C04}.Debug|x64.Build.0 = Debug|Any CPU
		{0019BE75-E755-4772-BCD8-3299CA319C04}.Debug|x86.ActiveCfg = Debug|Any CPU
		{0019BE75-E755-4772-BCD8-3299CA319C04}.Debug|x86.Build.0 = Debug|Any CPU
		{0019BE75-E755-4772-BCD8-3299CA319C04}.Release|Any CPU.ActiveCfg = Release|Any CPU
		{0019BE75-E755-4772-BCD8-3299CA319C04}.Release|Any CPU.Build.0 = Release|Any CPU
		{0019BE75-E755-4772-BCD8-3299CA319C04}.Release|ARM.ActiveCfg = Release|Any CPU
		{0019BE75-E755-4772-BCD8-3299CA319C04}.Release|ARM.Build.0 = Release|Any CPU
		{0019BE75-E755-4772-BCD8-3299CA319C04}.Release|ARM64.ActiveCfg = Release|Any CPU
		{0019BE75-E755-4772-BCD8-3299CA319C04}.Release|ARM64.Build.0 = Release|Any CPU
		{0019BE75-E755-4772-BCD8-3299CA319C04}.Release|x64.ActiveCfg = Release|Any CPU
		{0019BE75-E755-4772-BCD8-3299CA319C04}.Release|x64.Build.0 = Release|Any CPU
		{0019BE75-E755-4772-BCD8-3299CA319C04}.Release|x86.ActiveCfg = Release|Any CPU
		{0019BE75-E755-4772-BCD8-3299CA319C04}.Release|x86.Build.0 = Release|Any CPU
		{7B187779-0480-48A1-86FA-483B0C47243B}.Debug|Any CPU.ActiveCfg = Debug|x86
		{7B187779-0480-48A1-86FA-483B0C47243B}.Debug|ARM.ActiveCfg = Debug|ARM
		{7B187779-0480-48A1-86FA-483B0C47243B}.Debug|ARM.Build.0 = Debug|ARM
		{7B187779-0480-48A1-86FA-483B0C47243B}.Debug|ARM.Deploy.0 = Debug|ARM
		{7B187779-0480-48A1-86FA-483B0C47243B}.Debug|ARM64.ActiveCfg = Debug|ARM64
		{7B187779-0480-48A1-86FA-483B0C47243B}.Debug|ARM64.Build.0 = Debug|ARM64
		{7B187779-0480-48A1-86FA-483B0C47243B}.Debug|ARM64.Deploy.0 = Debug|ARM64
		{7B187779-0480-48A1-86FA-483B0C47243B}.Debug|x64.ActiveCfg = Debug|x64
		{7B187779-0480-48A1-86FA-483B0C47243B}.Debug|x64.Build.0 = Debug|x64
		{7B187779-0480-48A1-86FA-483B0C47243B}.Debug|x64.Deploy.0 = Debug|x64
		{7B187779-0480-48A1-86FA-483B0C47243B}.Debug|x86.ActiveCfg = Debug|x86
		{7B187779-0480-48A1-86FA-483B0C47243B}.Debug|x86.Build.0 = Debug|x86
		{7B187779-0480-48A1-86FA-483B0C47243B}.Debug|x86.Deploy.0 = Debug|x86
		{7B187779-0480-48A1-86FA-483B0C47243B}.Release|Any CPU.ActiveCfg = Release|x86
		{7B187779-0480-48A1-86FA-483B0C47243B}.Release|ARM.ActiveCfg = Release|ARM
		{7B187779-0480-48A1-86FA-483B0C47243B}.Release|ARM.Build.0 = Release|ARM
		{7B187779-0480-48A1-86FA-483B0C47243B}.Release|ARM.Deploy.0 = Release|ARM
		{7B187779-0480-48A1-86FA-483B0C47243B}.Release|ARM64.ActiveCfg = Release|ARM64
		{7B187779-0480-48A1-86FA-483B0C47243B}.Release|ARM64.Build.0 = Release|ARM64
		{7B187779-0480-48A1-86FA-483B0C47243B}.Release|ARM64.Deploy.0 = Release|ARM64
		{7B187779-0480-48A1-86FA-483B0C47243B}.Release|x64.ActiveCfg = Release|x64
		{7B187779-0480-48A1-86FA-483B0C47243B}.Release|x64.Build.0 = Release|x64
		{7B187779-0480-48A1-86FA-483B0C47243B}.Release|x64.Deploy.0 = Release|x64
		{7B187779-0480-48A1-86FA-483B0C47243B}.Release|x86.ActiveCfg = Release|x86
		{7B187779-0480-48A1-86FA-483B0C47243B}.Release|x86.Build.0 = Release|x86
		{7B187779-0480-48A1-86FA-483B0C47243B}.Release|x86.Deploy.0 = Release|x86
	EndGlobalSection
	GlobalSection(SolutionProperties) = preSolution
		HideSolutionNode = FALSE
	EndGlobalSection
	GlobalSection(ExtensibilityGlobals) = postSolution
		SolutionGuid = {05E48A58-BD2D-4B5F-BC0C-A62088EB06C8}
	EndGlobalSection
EndGlobal
